// !$*UTF8*$!
{
	archiveVersion = 1;
	classes = {
	};
	objectVersion = 46;
	objects = {

/* Begin PBXBuildFile section */
		0B46C0C20B9E9510AB087688 /* libPods-SportsMe.a in Frameworks */ = {isa = PBXBuildFile; fileRef = 89909EC881712634EC2B9E6F /* libPods-SportsMe.a */; };
		3D5B612F1EFEE2B0001DB05A /* main.m in Sources */ = {isa = PBXBuildFile; fileRef = 3D5B612E1EFEE2B0001DB05A /* main.m */; };
		3D5B61321EFEE2B0001DB05A /* AppDelegate.m in Sources */ = {isa = PBXBuildFile; fileRef = 3D5B61311EFEE2B0001DB05A /* AppDelegate.m */; };
		3D5B61351EFEE2B0001DB05A /* MainViewController.m in Sources */ = {isa = PBXBuildFile; fileRef = 3D5B61341EFEE2B0001DB05A /* MainViewController.m */; };
		3D5B61381EFEE2B0001DB05A /* Main.storyboard in Resources */ = {isa = PBXBuildFile; fileRef = 3D5B61361EFEE2B0001DB05A /* Main.storyboard */; };
		3D5B613A1EFEE2B0001DB05A /* Assets.xcassets in Resources */ = {isa = PBXBuildFile; fileRef = 3D5B61391EFEE2B0001DB05A /* Assets.xcassets */; };
		3D5B613D1EFEE2B0001DB05A /* LaunchScreen.storyboard in Resources */ = {isa = PBXBuildFile; fileRef = 3D5B613B1EFEE2B0001DB05A /* LaunchScreen.storyboard */; };
		3D5B61481EFEE2B0001DB05A /* SportsMeTests.m in Sources */ = {isa = PBXBuildFile; fileRef = 3D5B61471EFEE2B0001DB05A /* SportsMeTests.m */; };
		3D5B61561EFEE73C001DB05A /* GameMatchCell.xib in Resources */ = {isa = PBXBuildFile; fileRef = 3D5B61551EFEE73C001DB05A /* GameMatchCell.xib */; };
		3D5B61591EFEE9B5001DB05A /* GameMatchCell.m in Sources */ = {isa = PBXBuildFile; fileRef = 3D5B61581EFEE9B5001DB05A /* GameMatchCell.m */; };
		3D69F7B01EFF064500D16898 /* CategoryCell.m in Sources */ = {isa = PBXBuildFile; fileRef = 3D69F7AE1EFF064500D16898 /* CategoryCell.m */; };
		3D69F7B11EFF064500D16898 /* CategoryCell.xib in Resources */ = {isa = PBXBuildFile; fileRef = 3D69F7AF1EFF064500D16898 /* CategoryCell.xib */; };
		3D9819361EFF258500C9F6DF /* Team.m in Sources */ = {isa = PBXBuildFile; fileRef = 3D9819351EFF258500C9F6DF /* Team.m */; };
		3D98193C1EFF25B600C9F6DF /* Game.m in Sources */ = {isa = PBXBuildFile; fileRef = 3D98193B1EFF25B600C9F6DF /* Game.m */; };
		3DBA9F941EFEEE53003A7721 /* CategoriesViewController.m in Sources */ = {isa = PBXBuildFile; fileRef = 3DBA9F931EFEEE53003A7721 /* CategoriesViewController.m */; };
		71E5C0321EFF0E890011A455 /* SportsAPI.m in Sources */ = {isa = PBXBuildFile; fileRef = 71E5C0311EFF0E890011A455 /* SportsAPI.m */; };
		71E5C0381EFF4A1E0011A455 /* LeagueOfLegendsAPI.m in Sources */ = {isa = PBXBuildFile; fileRef = 71E5C0371EFF4A1E0011A455 /* LeagueOfLegendsAPI.m */; };
		71E5C03B1EFF56AA0011A455 /* DotaAPI.m in Sources */ = {isa = PBXBuildFile; fileRef = 71E5C03A1EFF56AA0011A455 /* DotaAPI.m */; };
		71E5C03E1EFF580C0011A455 /* CounterStrikeAPI.m in Sources */ = {isa = PBXBuildFile; fileRef = 71E5C03D1EFF580C0011A455 /* CounterStrikeAPI.m */; };
		7BFB7AA29AEB654BF0D5F4AC /* libPods-SportsMeTests.a in Frameworks */ = {isa = PBXBuildFile; fileRef = C104C4FAF7E6A313D8118C97 /* libPods-SportsMeTests.a */; };
		CD1DC30E1EFF2F3E00E89E51 /* BaseballAPI.m in Sources */ = {isa = PBXBuildFile; fileRef = CD1DC30D1EFF2F3E00E89E51 /* BaseballAPI.m */; };
		CD1DC3111EFF469B00E89E51 /* SoccerAPI.m in Sources */ = {isa = PBXBuildFile; fileRef = CD1DC3101EFF469B00E89E51 /* SoccerAPI.m */; };
		CD1DC3141EFF5A2F00E89E51 /* BasketballAPI.m in Sources */ = {isa = PBXBuildFile; fileRef = CD1DC3131EFF5A2F00E89E51 /* BasketballAPI.m */; };
		CD970AAB1EFF220A00BE5299 /* APIKeys.m in Sources */ = {isa = PBXBuildFile; fileRef = CD970AAA1EFF220A00BE5299 /* APIKeys.m */; };
/* End PBXBuildFile section */

/* Begin PBXContainerItemProxy section */
		3D5B61441EFEE2B0001DB05A /* PBXContainerItemProxy */ = {
			isa = PBXContainerItemProxy;
			containerPortal = 3D5B61221EFEE2AF001DB05A /* Project object */;
			proxyType = 1;
			remoteGlobalIDString = 3D5B61291EFEE2AF001DB05A;
			remoteInfo = SportsMe;
		};
/* End PBXContainerItemProxy section */

/* Begin PBXFileReference section */
		1216D15E506C483184E3F85C /* Pods-SportsMe.release.xcconfig */ = {isa = PBXFileReference; includeInIndex = 1; lastKnownFileType = text.xcconfig; name = "Pods-SportsMe.release.xcconfig"; path = "Pods/Target Support Files/Pods-SportsMe/Pods-SportsMe.release.xcconfig"; sourceTree = "<group>"; };
		342094B1B55D268978FD4669 /* Pods-SportsMeTests.debug.xcconfig */ = {isa = PBXFileReference; includeInIndex = 1; lastKnownFileType = text.xcconfig; name = "Pods-SportsMeTests.debug.xcconfig"; path = "Pods/Target Support Files/Pods-SportsMeTests/Pods-SportsMeTests.debug.xcconfig"; sourceTree = "<group>"; };
		3D5B612A1EFEE2B0001DB05A /* SportsMe.app */ = {isa = PBXFileReference; explicitFileType = wrapper.application; includeInIndex = 0; path = SportsMe.app; sourceTree = BUILT_PRODUCTS_DIR; };
		3D5B612E1EFEE2B0001DB05A /* main.m */ = {isa = PBXFileReference; lastKnownFileType = sourcecode.c.objc; path = main.m; sourceTree = "<group>"; };
		3D5B61301EFEE2B0001DB05A /* AppDelegate.h */ = {isa = PBXFileReference; lastKnownFileType = sourcecode.c.h; path = AppDelegate.h; sourceTree = "<group>"; };
		3D5B61311EFEE2B0001DB05A /* AppDelegate.m */ = {isa = PBXFileReference; lastKnownFileType = sourcecode.c.objc; path = AppDelegate.m; sourceTree = "<group>"; };
		3D5B61331EFEE2B0001DB05A /* MainViewController.h */ = {isa = PBXFileReference; lastKnownFileType = sourcecode.c.h; path = MainViewController.h; sourceTree = "<group>"; };
		3D5B61341EFEE2B0001DB05A /* MainViewController.m */ = {isa = PBXFileReference; lastKnownFileType = sourcecode.c.objc; path = MainViewController.m; sourceTree = "<group>"; };
		3D5B61371EFEE2B0001DB05A /* Base */ = {isa = PBXFileReference; lastKnownFileType = file.storyboard; name = Base; path = Base.lproj/Main.storyboard; sourceTree = "<group>"; };
		3D5B61391EFEE2B0001DB05A /* Assets.xcassets */ = {isa = PBXFileReference; lastKnownFileType = folder.assetcatalog; path = Assets.xcassets; sourceTree = "<group>"; };
		3D5B613C1EFEE2B0001DB05A /* Base */ = {isa = PBXFileReference; lastKnownFileType = file.storyboard; name = Base; path = Base.lproj/LaunchScreen.storyboard; sourceTree = "<group>"; };
		3D5B613E1EFEE2B0001DB05A /* Info.plist */ = {isa = PBXFileReference; lastKnownFileType = text.plist.xml; path = Info.plist; sourceTree = "<group>"; };
		3D5B61431EFEE2B0001DB05A /* SportsMeTests.xctest */ = {isa = PBXFileReference; explicitFileType = wrapper.cfbundle; includeInIndex = 0; path = SportsMeTests.xctest; sourceTree = BUILT_PRODUCTS_DIR; };
		3D5B61471EFEE2B0001DB05A /* SportsMeTests.m */ = {isa = PBXFileReference; lastKnownFileType = sourcecode.c.objc; path = SportsMeTests.m; sourceTree = "<group>"; };
		3D5B61491EFEE2B0001DB05A /* Info.plist */ = {isa = PBXFileReference; lastKnownFileType = text.plist.xml; path = Info.plist; sourceTree = "<group>"; };
		3D5B61551EFEE73C001DB05A /* GameMatchCell.xib */ = {isa = PBXFileReference; fileEncoding = 4; lastKnownFileType = file.xib; path = GameMatchCell.xib; sourceTree = "<group>"; };
		3D5B61571EFEE9B5001DB05A /* GameMatchCell.h */ = {isa = PBXFileReference; fileEncoding = 4; lastKnownFileType = sourcecode.c.h; path = GameMatchCell.h; sourceTree = "<group>"; };
		3D5B61581EFEE9B5001DB05A /* GameMatchCell.m */ = {isa = PBXFileReference; fileEncoding = 4; lastKnownFileType = sourcecode.c.objc; path = GameMatchCell.m; sourceTree = "<group>"; };
		3D69F7AD1EFF064500D16898 /* CategoryCell.h */ = {isa = PBXFileReference; fileEncoding = 4; lastKnownFileType = sourcecode.c.h; path = CategoryCell.h; sourceTree = "<group>"; };
		3D69F7AE1EFF064500D16898 /* CategoryCell.m */ = {isa = PBXFileReference; fileEncoding = 4; lastKnownFileType = sourcecode.c.objc; path = CategoryCell.m; sourceTree = "<group>"; };
		3D69F7AF1EFF064500D16898 /* CategoryCell.xib */ = {isa = PBXFileReference; fileEncoding = 4; lastKnownFileType = file.xib; path = CategoryCell.xib; sourceTree = "<group>"; };
		3D9819341EFF258500C9F6DF /* Team.h */ = {isa = PBXFileReference; fileEncoding = 4; lastKnownFileType = sourcecode.c.h; path = Team.h; sourceTree = "<group>"; };
		3D9819351EFF258500C9F6DF /* Team.m */ = {isa = PBXFileReference; fileEncoding = 4; lastKnownFileType = sourcecode.c.objc; path = Team.m; sourceTree = "<group>"; };
		3D98193A1EFF25B600C9F6DF /* Game.h */ = {isa = PBXFileReference; fileEncoding = 4; lastKnownFileType = sourcecode.c.h; path = Game.h; sourceTree = "<group>"; };
		3D98193B1EFF25B600C9F6DF /* Game.m */ = {isa = PBXFileReference; fileEncoding = 4; lastKnownFileType = sourcecode.c.objc; path = Game.m; sourceTree = "<group>"; };
		3DBA9F921EFEEE53003A7721 /* CategoriesViewController.h */ = {isa = PBXFileReference; fileEncoding = 4; lastKnownFileType = sourcecode.c.h; path = CategoriesViewController.h; sourceTree = "<group>"; };
		3DBA9F931EFEEE53003A7721 /* CategoriesViewController.m */ = {isa = PBXFileReference; fileEncoding = 4; lastKnownFileType = sourcecode.c.objc; path = CategoriesViewController.m; sourceTree = "<group>"; };
		71E5C0301EFF0E890011A455 /* SportsAPI.h */ = {isa = PBXFileReference; fileEncoding = 4; lastKnownFileType = sourcecode.c.h; path = SportsAPI.h; sourceTree = "<group>"; };
		71E5C0311EFF0E890011A455 /* SportsAPI.m */ = {isa = PBXFileReference; fileEncoding = 4; lastKnownFileType = sourcecode.c.objc; path = SportsAPI.m; sourceTree = "<group>"; };
		71E5C0361EFF4A1E0011A455 /* LeagueOfLegendsAPI.h */ = {isa = PBXFileReference; fileEncoding = 4; lastKnownFileType = sourcecode.c.h; path = LeagueOfLegendsAPI.h; sourceTree = "<group>"; };
		71E5C0371EFF4A1E0011A455 /* LeagueOfLegendsAPI.m */ = {isa = PBXFileReference; fileEncoding = 4; lastKnownFileType = sourcecode.c.objc; path = LeagueOfLegendsAPI.m; sourceTree = "<group>"; };
		71E5C0391EFF56AA0011A455 /* DotaAPI.h */ = {isa = PBXFileReference; fileEncoding = 4; lastKnownFileType = sourcecode.c.h; path = DotaAPI.h; sourceTree = "<group>"; };
		71E5C03A1EFF56AA0011A455 /* DotaAPI.m */ = {isa = PBXFileReference; fileEncoding = 4; lastKnownFileType = sourcecode.c.objc; path = DotaAPI.m; sourceTree = "<group>"; };
		71E5C03C1EFF580C0011A455 /* CounterStrikeAPI.h */ = {isa = PBXFileReference; fileEncoding = 4; lastKnownFileType = sourcecode.c.h; path = CounterStrikeAPI.h; sourceTree = "<group>"; };
		71E5C03D1EFF580C0011A455 /* CounterStrikeAPI.m */ = {isa = PBXFileReference; fileEncoding = 4; lastKnownFileType = sourcecode.c.objc; path = CounterStrikeAPI.m; sourceTree = "<group>"; };
		89909EC881712634EC2B9E6F /* libPods-SportsMe.a */ = {isa = PBXFileReference; explicitFileType = archive.ar; includeInIndex = 0; path = "libPods-SportsMe.a"; sourceTree = BUILT_PRODUCTS_DIR; };
		C104C4FAF7E6A313D8118C97 /* libPods-SportsMeTests.a */ = {isa = PBXFileReference; explicitFileType = archive.ar; includeInIndex = 0; path = "libPods-SportsMeTests.a"; sourceTree = BUILT_PRODUCTS_DIR; };
		C5B92F6DB2C9F58CE0396C6E /* Pods-SportsMe.debug.xcconfig */ = {isa = PBXFileReference; includeInIndex = 1; lastKnownFileType = text.xcconfig; name = "Pods-SportsMe.debug.xcconfig"; path = "Pods/Target Support Files/Pods-SportsMe/Pods-SportsMe.debug.xcconfig"; sourceTree = "<group>"; };
		CD1DC30C1EFF2F3E00E89E51 /* BaseballAPI.h */ = {isa = PBXFileReference; fileEncoding = 4; lastKnownFileType = sourcecode.c.h; path = BaseballAPI.h; sourceTree = "<group>"; };
		CD1DC30D1EFF2F3E00E89E51 /* BaseballAPI.m */ = {isa = PBXFileReference; fileEncoding = 4; lastKnownFileType = sourcecode.c.objc; path = BaseballAPI.m; sourceTree = "<group>"; };
		CD1DC30F1EFF469B00E89E51 /* SoccerAPI.h */ = {isa = PBXFileReference; fileEncoding = 4; lastKnownFileType = sourcecode.c.h; path = SoccerAPI.h; sourceTree = "<group>"; };
		CD1DC3101EFF469B00E89E51 /* SoccerAPI.m */ = {isa = PBXFileReference; fileEncoding = 4; lastKnownFileType = sourcecode.c.objc; path = SoccerAPI.m; sourceTree = "<group>"; };
		CD1DC3121EFF5A2F00E89E51 /* BasketballAPI.h */ = {isa = PBXFileReference; fileEncoding = 4; lastKnownFileType = sourcecode.c.h; path = BasketballAPI.h; sourceTree = "<group>"; };
		CD1DC3131EFF5A2F00E89E51 /* BasketballAPI.m */ = {isa = PBXFileReference; fileEncoding = 4; lastKnownFileType = sourcecode.c.objc; path = BasketballAPI.m; sourceTree = "<group>"; };
		CD970AA91EFF220A00BE5299 /* APIKeys.h */ = {isa = PBXFileReference; lastKnownFileType = sourcecode.c.h; path = APIKeys.h; sourceTree = "<group>"; };
		CD970AAA1EFF220A00BE5299 /* APIKeys.m */ = {isa = PBXFileReference; lastKnownFileType = sourcecode.c.objc; path = APIKeys.m; sourceTree = "<group>"; };
		E01174D67A87FDD781492DB6 /* Pods-SportsMeTests.release.xcconfig */ = {isa = PBXFileReference; includeInIndex = 1; lastKnownFileType = text.xcconfig; name = "Pods-SportsMeTests.release.xcconfig"; path = "Pods/Target Support Files/Pods-SportsMeTests/Pods-SportsMeTests.release.xcconfig"; sourceTree = "<group>"; };
/* End PBXFileReference section */

/* Begin PBXFrameworksBuildPhase section */
		3D5B61271EFEE2AF001DB05A /* Frameworks */ = {
			isa = PBXFrameworksBuildPhase;
			buildActionMask = 2147483647;
			files = (
				0B46C0C20B9E9510AB087688 /* libPods-SportsMe.a in Frameworks */,
			);
			runOnlyForDeploymentPostprocessing = 0;
		};
		3D5B61401EFEE2B0001DB05A /* Frameworks */ = {
			isa = PBXFrameworksBuildPhase;
			buildActionMask = 2147483647;
			files = (
				7BFB7AA29AEB654BF0D5F4AC /* libPods-SportsMeTests.a in Frameworks */,
			);
			runOnlyForDeploymentPostprocessing = 0;
		};
/* End PBXFrameworksBuildPhase section */

/* Begin PBXGroup section */
		2D71A2F162845E381767FC78 /* Pods */ = {
			isa = PBXGroup;
			children = (
				C5B92F6DB2C9F58CE0396C6E /* Pods-SportsMe.debug.xcconfig */,
				1216D15E506C483184E3F85C /* Pods-SportsMe.release.xcconfig */,
				342094B1B55D268978FD4669 /* Pods-SportsMeTests.debug.xcconfig */,
				E01174D67A87FDD781492DB6 /* Pods-SportsMeTests.release.xcconfig */,
			);
			name = Pods;
			sourceTree = "<group>";
		};
		3D5B61211EFEE2AF001DB05A = {
			isa = PBXGroup;
			children = (
				3D5B612C1EFEE2B0001DB05A /* SportsMe */,
				3D5B61461EFEE2B0001DB05A /* SportsMeTests */,
				3D5B612B1EFEE2B0001DB05A /* Products */,
				2D71A2F162845E381767FC78 /* Pods */,
				CC1DD287265B08B75E42C820 /* Frameworks */,
			);
			sourceTree = "<group>";
		};
		3D5B612B1EFEE2B0001DB05A /* Products */ = {
			isa = PBXGroup;
			children = (
				3D5B612A1EFEE2B0001DB05A /* SportsMe.app */,
				3D5B61431EFEE2B0001DB05A /* SportsMeTests.xctest */,
			);
			name = Products;
			sourceTree = "<group>";
		};
		3D5B612C1EFEE2B0001DB05A /* SportsMe */ = {
			isa = PBXGroup;
			children = (
				3D5B61541EFEE440001DB05A /* Controller */,
				3D5B61531EFEE43C001DB05A /* View */,
				3D5B61521EFEE42E001DB05A /* Model */,
				71E5C0331EFF0E8F0011A455 /* APIs */,
				3D5B612D1EFEE2B0001DB05A /* Supporting Files */,
			);
			path = SportsMe;
			sourceTree = "<group>";
		};
		3D5B612D1EFEE2B0001DB05A /* Supporting Files */ = {
			isa = PBXGroup;
			children = (
				CD970AA91EFF220A00BE5299 /* APIKeys.h */,
				CD970AAA1EFF220A00BE5299 /* APIKeys.m */,
				3D5B61301EFEE2B0001DB05A /* AppDelegate.h */,
				3D5B61311EFEE2B0001DB05A /* AppDelegate.m */,
				3D5B61391EFEE2B0001DB05A /* Assets.xcassets */,
				3D5B613E1EFEE2B0001DB05A /* Info.plist */,
				3D5B612E1EFEE2B0001DB05A /* main.m */,
			);
			name = "Supporting Files";
			sourceTree = "<group>";
		};
		3D5B61461EFEE2B0001DB05A /* SportsMeTests */ = {
			isa = PBXGroup;
			children = (
				3D5B61471EFEE2B0001DB05A /* SportsMeTests.m */,
				3D5B61491EFEE2B0001DB05A /* Info.plist */,
			);
			path = SportsMeTests;
			sourceTree = "<group>";
		};
		3D5B61521EFEE42E001DB05A /* Model */ = {
			isa = PBXGroup;
			children = (
				3D9819341EFF258500C9F6DF /* Team.h */,
				3D9819351EFF258500C9F6DF /* Team.m */,
				3D98193A1EFF25B600C9F6DF /* Game.h */,
				3D98193B1EFF25B600C9F6DF /* Game.m */,
			);
			name = Model;
			sourceTree = "<group>";
		};
		3D5B61531EFEE43C001DB05A /* View */ = {
			isa = PBXGroup;
			children = (
				3D5B61571EFEE9B5001DB05A /* GameMatchCell.h */,
				3D5B61581EFEE9B5001DB05A /* GameMatchCell.m */,
				3D5B61551EFEE73C001DB05A /* GameMatchCell.xib */,
				3D5B61361EFEE2B0001DB05A /* Main.storyboard */,
				3D69F7AD1EFF064500D16898 /* CategoryCell.h */,
				3D69F7AE1EFF064500D16898 /* CategoryCell.m */,
				3D69F7AF1EFF064500D16898 /* CategoryCell.xib */,
				3D5B613B1EFEE2B0001DB05A /* LaunchScreen.storyboard */,
			);
			name = View;
			sourceTree = "<group>";
		};
		3D5B61541EFEE440001DB05A /* Controller */ = {
			isa = PBXGroup;
			children = (
				3D5B61331EFEE2B0001DB05A /* MainViewController.h */,
				3D5B61341EFEE2B0001DB05A /* MainViewController.m */,
				3DBA9F921EFEEE53003A7721 /* CategoriesViewController.h */,
				3DBA9F931EFEEE53003A7721 /* CategoriesViewController.m */,
			);
			name = Controller;
			sourceTree = "<group>";
		};
		71E5C0331EFF0E8F0011A455 /* APIs */ = {
			isa = PBXGroup;
			children = (
				71E5C0301EFF0E890011A455 /* SportsAPI.h */,
				71E5C0311EFF0E890011A455 /* SportsAPI.m */,
				CD1DC30C1EFF2F3E00E89E51 /* BaseballAPI.h */,
				CD1DC30D1EFF2F3E00E89E51 /* BaseballAPI.m */,
				CD1DC3121EFF5A2F00E89E51 /* BasketballAPI.h */,
				CD1DC3131EFF5A2F00E89E51 /* BasketballAPI.m */,
				71E5C0361EFF4A1E0011A455 /* LeagueOfLegendsAPI.h */,
				71E5C0371EFF4A1E0011A455 /* LeagueOfLegendsAPI.m */,
				71E5C0391EFF56AA0011A455 /* DotaAPI.h */,
				71E5C03A1EFF56AA0011A455 /* DotaAPI.m */,
				71E5C03C1EFF580C0011A455 /* CounterStrikeAPI.h */,
				71E5C03D1EFF580C0011A455 /* CounterStrikeAPI.m */,
				CD1DC30F1EFF469B00E89E51 /* SoccerAPI.h */,
				CD1DC3101EFF469B00E89E51 /* SoccerAPI.m */,
			);
			name = APIs;
			sourceTree = "<group>";
		};
		CC1DD287265B08B75E42C820 /* Frameworks */ = {
			isa = PBXGroup;
			children = (
				89909EC881712634EC2B9E6F /* libPods-SportsMe.a */,
				C104C4FAF7E6A313D8118C97 /* libPods-SportsMeTests.a */,
			);
			name = Frameworks;
			sourceTree = "<group>";
		};
/* End PBXGroup section */

/* Begin PBXNativeTarget section */
		3D5B61291EFEE2AF001DB05A /* SportsMe */ = {
			isa = PBXNativeTarget;
			buildConfigurationList = 3D5B614C1EFEE2B0001DB05A /* Build configuration list for PBXNativeTarget "SportsMe" */;
			buildPhases = (
				E4908F4AAA030FE2980874D8 /* [CP] Check Pods Manifest.lock */,
				3D5B61261EFEE2AF001DB05A /* Sources */,
				3D5B61271EFEE2AF001DB05A /* Frameworks */,
				3D5B61281EFEE2AF001DB05A /* Resources */,
				76DBE71A6A29BFF2A34A2574 /* [CP] Embed Pods Frameworks */,
				6A94EBE435458BD6892A7D99 /* [CP] Copy Pods Resources */,
			);
			buildRules = (
			);
			dependencies = (
			);
			name = SportsMe;
			productName = SportsMe;
			productReference = 3D5B612A1EFEE2B0001DB05A /* SportsMe.app */;
			productType = "com.apple.product-type.application";
		};
		3D5B61421EFEE2B0001DB05A /* SportsMeTests */ = {
			isa = PBXNativeTarget;
			buildConfigurationList = 3D5B614F1EFEE2B0001DB05A /* Build configuration list for PBXNativeTarget "SportsMeTests" */;
			buildPhases = (
				EC710B16256EA91CE64A34B7 /* [CP] Check Pods Manifest.lock */,
				3D5B613F1EFEE2B0001DB05A /* Sources */,
				3D5B61401EFEE2B0001DB05A /* Frameworks */,
				3D5B61411EFEE2B0001DB05A /* Resources */,
				3988B749128D5C9B5AB1E693 /* [CP] Embed Pods Frameworks */,
				B3B5EDEF83369131F107C528 /* [CP] Copy Pods Resources */,
			);
			buildRules = (
			);
			dependencies = (
				3D5B61451EFEE2B0001DB05A /* PBXTargetDependency */,
			);
			name = SportsMeTests;
			productName = SportsMeTests;
			productReference = 3D5B61431EFEE2B0001DB05A /* SportsMeTests.xctest */;
			productType = "com.apple.product-type.bundle.unit-test";
		};
/* End PBXNativeTarget section */

/* Begin PBXProject section */
		3D5B61221EFEE2AF001DB05A /* Project object */ = {
			isa = PBXProject;
			attributes = {
				LastUpgradeCheck = 0830;
				ORGANIZATIONNAME = "Cathy Oun";
				TargetAttributes = {
					3D5B61291EFEE2AF001DB05A = {
						CreatedOnToolsVersion = 8.3.3;
						DevelopmentTeam = 6EJN6WTQBM;
						ProvisioningStyle = Automatic;
					};
					3D5B61421EFEE2B0001DB05A = {
						CreatedOnToolsVersion = 8.3.3;
						DevelopmentTeam = 597HR9EHGW;
						ProvisioningStyle = Automatic;
						TestTargetID = 3D5B61291EFEE2AF001DB05A;
					};
				};
			};
			buildConfigurationList = 3D5B61251EFEE2AF001DB05A /* Build configuration list for PBXProject "SportsMe" */;
			compatibilityVersion = "Xcode 3.2";
			developmentRegion = English;
			hasScannedForEncodings = 0;
			knownRegions = (
				en,
				Base,
			);
			mainGroup = 3D5B61211EFEE2AF001DB05A;
			productRefGroup = 3D5B612B1EFEE2B0001DB05A /* Products */;
			projectDirPath = "";
			projectRoot = "";
			targets = (
				3D5B61291EFEE2AF001DB05A /* SportsMe */,
				3D5B61421EFEE2B0001DB05A /* SportsMeTests */,
			);
		};
/* End PBXProject section */

/* Begin PBXResourcesBuildPhase section */
		3D5B61281EFEE2AF001DB05A /* Resources */ = {
			isa = PBXResourcesBuildPhase;
			buildActionMask = 2147483647;
			files = (
				3D69F7B11EFF064500D16898 /* CategoryCell.xib in Resources */,
				3D5B613D1EFEE2B0001DB05A /* LaunchScreen.storyboard in Resources */,
				3D5B61561EFEE73C001DB05A /* GameMatchCell.xib in Resources */,
				3D5B613A1EFEE2B0001DB05A /* Assets.xcassets in Resources */,
				3D5B61381EFEE2B0001DB05A /* Main.storyboard in Resources */,
			);
			runOnlyForDeploymentPostprocessing = 0;
		};
		3D5B61411EFEE2B0001DB05A /* Resources */ = {
			isa = PBXResourcesBuildPhase;
			buildActionMask = 2147483647;
			files = (
			);
			runOnlyForDeploymentPostprocessing = 0;
		};
/* End PBXResourcesBuildPhase section */

/* Begin PBXShellScriptBuildPhase section */
		3988B749128D5C9B5AB1E693 /* [CP] Embed Pods Frameworks */ = {
			isa = PBXShellScriptBuildPhase;
			buildActionMask = 2147483647;
			files = (
			);
			inputPaths = (
			);
			name = "[CP] Embed Pods Frameworks";
			outputPaths = (
			);
			runOnlyForDeploymentPostprocessing = 0;
			shellPath = /bin/sh;
			shellScript = "\"${SRCROOT}/Pods/Target Support Files/Pods-SportsMeTests/Pods-SportsMeTests-frameworks.sh\"\n";
			showEnvVarsInLog = 0;
		};
		6A94EBE435458BD6892A7D99 /* [CP] Copy Pods Resources */ = {
			isa = PBXShellScriptBuildPhase;
			buildActionMask = 2147483647;
			files = (
			);
			inputPaths = (
			);
			name = "[CP] Copy Pods Resources";
			outputPaths = (
			);
			runOnlyForDeploymentPostprocessing = 0;
			shellPath = /bin/sh;
			shellScript = "\"${SRCROOT}/Pods/Target Support Files/Pods-SportsMe/Pods-SportsMe-resources.sh\"\n";
			showEnvVarsInLog = 0;
		};
		76DBE71A6A29BFF2A34A2574 /* [CP] Embed Pods Frameworks */ = {
			isa = PBXShellScriptBuildPhase;
			buildActionMask = 2147483647;
			files = (
			);
			inputPaths = (
			);
			name = "[CP] Embed Pods Frameworks";
			outputPaths = (
			);
			runOnlyForDeploymentPostprocessing = 0;
			shellPath = /bin/sh;
			shellScript = "\"${SRCROOT}/Pods/Target Support Files/Pods-SportsMe/Pods-SportsMe-frameworks.sh\"\n";
			showEnvVarsInLog = 0;
		};
		B3B5EDEF83369131F107C528 /* [CP] Copy Pods Resources */ = {
			isa = PBXShellScriptBuildPhase;
			buildActionMask = 2147483647;
			files = (
			);
			inputPaths = (
			);
			name = "[CP] Copy Pods Resources";
			outputPaths = (
			);
			runOnlyForDeploymentPostprocessing = 0;
			shellPath = /bin/sh;
			shellScript = "\"${SRCROOT}/Pods/Target Support Files/Pods-SportsMeTests/Pods-SportsMeTests-resources.sh\"\n";
			showEnvVarsInLog = 0;
		};
		E4908F4AAA030FE2980874D8 /* [CP] Check Pods Manifest.lock */ = {
			isa = PBXShellScriptBuildPhase;
			buildActionMask = 2147483647;
			files = (
			);
			inputPaths = (
			);
			name = "[CP] Check Pods Manifest.lock";
			outputPaths = (
			);
			runOnlyForDeploymentPostprocessing = 0;
			shellPath = /bin/sh;
			shellScript = "diff \"${PODS_PODFILE_DIR_PATH}/Podfile.lock\" \"${PODS_ROOT}/Manifest.lock\" > /dev/null\nif [ $? != 0 ] ; then\n    # print error to STDERR\n    echo \"error: The sandbox is not in sync with the Podfile.lock. Run 'pod install' or update your CocoaPods installation.\" >&2\n    exit 1\nfi\n";
			showEnvVarsInLog = 0;
		};
		EC710B16256EA91CE64A34B7 /* [CP] Check Pods Manifest.lock */ = {
			isa = PBXShellScriptBuildPhase;
			buildActionMask = 2147483647;
			files = (
			);
			inputPaths = (
			);
			name = "[CP] Check Pods Manifest.lock";
			outputPaths = (
			);
			runOnlyForDeploymentPostprocessing = 0;
			shellPath = /bin/sh;
			shellScript = "diff \"${PODS_PODFILE_DIR_PATH}/Podfile.lock\" \"${PODS_ROOT}/Manifest.lock\" > /dev/null\nif [ $? != 0 ] ; then\n    # print error to STDERR\n    echo \"error: The sandbox is not in sync with the Podfile.lock. Run 'pod install' or update your CocoaPods installation.\" >&2\n    exit 1\nfi\n";
			showEnvVarsInLog = 0;
		};
/* End PBXShellScriptBuildPhase section */

/* Begin PBXSourcesBuildPhase section */
		3D5B61261EFEE2AF001DB05A /* Sources */ = {
			isa = PBXSourcesBuildPhase;
			buildActionMask = 2147483647;
			files = (
				CD1DC30E1EFF2F3E00E89E51 /* BaseballAPI.m in Sources */,
				71E5C03E1EFF580C0011A455 /* CounterStrikeAPI.m in Sources */,
				3D5B61351EFEE2B0001DB05A /* MainViewController.m in Sources */,
				3D69F7B01EFF064500D16898 /* CategoryCell.m in Sources */,
				71E5C0381EFF4A1E0011A455 /* LeagueOfLegendsAPI.m in Sources */,
				CD1DC3111EFF469B00E89E51 /* SoccerAPI.m in Sources */,
				71E5C0321EFF0E890011A455 /* SportsAPI.m in Sources */,
				CD970AAB1EFF220A00BE5299 /* APIKeys.m in Sources */,
				3D5B61591EFEE9B5001DB05A /* GameMatchCell.m in Sources */,
				3D98193C1EFF25B600C9F6DF /* Game.m in Sources */,
				CD1DC3141EFF5A2F00E89E51 /* BasketballAPI.m in Sources */,
				3D5B61321EFEE2B0001DB05A /* AppDelegate.m in Sources */,
				3DBA9F941EFEEE53003A7721 /* CategoriesViewController.m in Sources */,
				3D9819361EFF258500C9F6DF /* Team.m in Sources */,
				71E5C03B1EFF56AA0011A455 /* DotaAPI.m in Sources */,
				3D5B612F1EFEE2B0001DB05A /* main.m in Sources */,
			);
			runOnlyForDeploymentPostprocessing = 0;
		};
		3D5B613F1EFEE2B0001DB05A /* Sources */ = {
			isa = PBXSourcesBuildPhase;
			buildActionMask = 2147483647;
			files = (
				3D5B61481EFEE2B0001DB05A /* SportsMeTests.m in Sources */,
			);
			runOnlyForDeploymentPostprocessing = 0;
		};
/* End PBXSourcesBuildPhase section */

/* Begin PBXTargetDependency section */
		3D5B61451EFEE2B0001DB05A /* PBXTargetDependency */ = {
			isa = PBXTargetDependency;
			target = 3D5B61291EFEE2AF001DB05A /* SportsMe */;
			targetProxy = 3D5B61441EFEE2B0001DB05A /* PBXContainerItemProxy */;
		};
/* End PBXTargetDependency section */

/* Begin PBXVariantGroup section */
		3D5B61361EFEE2B0001DB05A /* Main.storyboard */ = {
			isa = PBXVariantGroup;
			children = (
				3D5B61371EFEE2B0001DB05A /* Base */,
			);
			name = Main.storyboard;
			sourceTree = "<group>";
		};
		3D5B613B1EFEE2B0001DB05A /* LaunchScreen.storyboard */ = {
			isa = PBXVariantGroup;
			children = (
				3D5B613C1EFEE2B0001DB05A /* Base */,
			);
			name = LaunchScreen.storyboard;
			sourceTree = "<group>";
		};
/* End PBXVariantGroup section */

/* Begin XCBuildConfiguration section */
		3D5B614A1EFEE2B0001DB05A /* Debug */ = {
			isa = XCBuildConfiguration;
			buildSettings = {
				ALWAYS_SEARCH_USER_PATHS = NO;
				CLANG_ANALYZER_NONNULL = YES;
				CLANG_ANALYZER_NUMBER_OBJECT_CONVERSION = YES_AGGRESSIVE;
				CLANG_CXX_LANGUAGE_STANDARD = "gnu++0x";
				CLANG_CXX_LIBRARY = "libc++";
				CLANG_ENABLE_MODULES = YES;
				CLANG_ENABLE_OBJC_ARC = YES;
				CLANG_WARN_BOOL_CONVERSION = YES;
				CLANG_WARN_CONSTANT_CONVERSION = YES;
				CLANG_WARN_DIRECT_OBJC_ISA_USAGE = YES_ERROR;
				CLANG_WARN_DOCUMENTATION_COMMENTS = YES;
				CLANG_WARN_EMPTY_BODY = YES;
				CLANG_WARN_ENUM_CONVERSION = YES;
				CLANG_WARN_INFINITE_RECURSION = YES;
				CLANG_WARN_INT_CONVERSION = YES;
				CLANG_WARN_OBJC_ROOT_CLASS = YES_ERROR;
				CLANG_WARN_SUSPICIOUS_MOVE = YES;
				CLANG_WARN_UNREACHABLE_CODE = YES;
				CLANG_WARN__DUPLICATE_METHOD_MATCH = YES;
				"CODE_SIGN_IDENTITY[sdk=iphoneos*]" = "iPhone Developer";
				COPY_PHASE_STRIP = NO;
				DEBUG_INFORMATION_FORMAT = dwarf;
				ENABLE_STRICT_OBJC_MSGSEND = YES;
				ENABLE_TESTABILITY = YES;
				GCC_C_LANGUAGE_STANDARD = gnu99;
				GCC_DYNAMIC_NO_PIC = NO;
				GCC_NO_COMMON_BLOCKS = YES;
				GCC_OPTIMIZATION_LEVEL = 0;
				GCC_PREPROCESSOR_DEFINITIONS = (
					"DEBUG=1",
					"$(inherited)",
				);
				GCC_WARN_64_TO_32_BIT_CONVERSION = YES;
				GCC_WARN_ABOUT_RETURN_TYPE = YES_ERROR;
				GCC_WARN_UNDECLARED_SELECTOR = YES;
				GCC_WARN_UNINITIALIZED_AUTOS = YES_AGGRESSIVE;
				GCC_WARN_UNUSED_FUNCTION = YES;
				GCC_WARN_UNUSED_VARIABLE = YES;
				IPHONEOS_DEPLOYMENT_TARGET = 10.3;
				MTL_ENABLE_DEBUG_INFO = YES;
				ONLY_ACTIVE_ARCH = YES;
				SDKROOT = iphoneos;
				TARGETED_DEVICE_FAMILY = "1,2";
			};
			name = Debug;
		};
		3D5B614B1EFEE2B0001DB05A /* Release */ = {
			isa = XCBuildConfiguration;
			buildSettings = {
				ALWAYS_SEARCH_USER_PATHS = NO;
				CLANG_ANALYZER_NONNULL = YES;
				CLANG_ANALYZER_NUMBER_OBJECT_CONVERSION = YES_AGGRESSIVE;
				CLANG_CXX_LANGUAGE_STANDARD = "gnu++0x";
				CLANG_CXX_LIBRARY = "libc++";
				CLANG_ENABLE_MODULES = YES;
				CLANG_ENABLE_OBJC_ARC = YES;
				CLANG_WARN_BOOL_CONVERSION = YES;
				CLANG_WARN_CONSTANT_CONVERSION = YES;
				CLANG_WARN_DIRECT_OBJC_ISA_USAGE = YES_ERROR;
				CLANG_WARN_DOCUMENTATION_COMMENTS = YES;
				CLANG_WARN_EMPTY_BODY = YES;
				CLANG_WARN_ENUM_CONVERSION = YES;
				CLANG_WARN_INFINITE_RECURSION = YES;
				CLANG_WARN_INT_CONVERSION = YES;
				CLANG_WARN_OBJC_ROOT_CLASS = YES_ERROR;
				CLANG_WARN_SUSPICIOUS_MOVE = YES;
				CLANG_WARN_UNREACHABLE_CODE = YES;
				CLANG_WARN__DUPLICATE_METHOD_MATCH = YES;
				"CODE_SIGN_IDENTITY[sdk=iphoneos*]" = "iPhone Developer";
				COPY_PHASE_STRIP = NO;
				DEBUG_INFORMATION_FORMAT = "dwarf-with-dsym";
				ENABLE_NS_ASSERTIONS = NO;
				ENABLE_STRICT_OBJC_MSGSEND = YES;
				GCC_C_LANGUAGE_STANDARD = gnu99;
				GCC_NO_COMMON_BLOCKS = YES;
				GCC_WARN_64_TO_32_BIT_CONVERSION = YES;
				GCC_WARN_ABOUT_RETURN_TYPE = YES_ERROR;
				GCC_WARN_UNDECLARED_SELECTOR = YES;
				GCC_WARN_UNINITIALIZED_AUTOS = YES_AGGRESSIVE;
				GCC_WARN_UNUSED_FUNCTION = YES;
				GCC_WARN_UNUSED_VARIABLE = YES;
				IPHONEOS_DEPLOYMENT_TARGET = 10.3;
				MTL_ENABLE_DEBUG_INFO = NO;
				SDKROOT = iphoneos;
				TARGETED_DEVICE_FAMILY = "1,2";
				VALIDATE_PRODUCT = YES;
			};
			name = Release;
		};
		3D5B614D1EFEE2B0001DB05A /* Debug */ = {
			isa = XCBuildConfiguration;
			baseConfigurationReference = C5B92F6DB2C9F58CE0396C6E /* Pods-SportsMe.debug.xcconfig */;
			buildSettings = {
				ASSETCATALOG_COMPILER_APPICON_NAME = AppIcon;
				DEVELOPMENT_TEAM = 6EJN6WTQBM;
				INFOPLIST_FILE = SportsMe/Info.plist;
				LD_RUNPATH_SEARCH_PATHS = "$(inherited) @executable_path/Frameworks";
				PRODUCT_BUNDLE_IDENTIFIER = com.cathyoun.SportsMe;
				PRODUCT_NAME = "$(TARGET_NAME)";
			};
			name = Debug;
		};
		3D5B614E1EFEE2B0001DB05A /* Release */ = {
			isa = XCBuildConfiguration;
			baseConfigurationReference = 1216D15E506C483184E3F85C /* Pods-SportsMe.release.xcconfig */;
			buildSettings = {
				ASSETCATALOG_COMPILER_APPICON_NAME = AppIcon;
				DEVELOPMENT_TEAM = 6EJN6WTQBM;
				INFOPLIST_FILE = SportsMe/Info.plist;
				LD_RUNPATH_SEARCH_PATHS = "$(inherited) @executable_path/Frameworks";
				PRODUCT_BUNDLE_IDENTIFIER = com.cathyoun.SportsMe;
				PRODUCT_NAME = "$(TARGET_NAME)";
			};
			name = Release;
		};
		3D5B61501EFEE2B0001DB05A /* Debug */ = {
			isa = XCBuildConfiguration;
			baseConfigurationReference = 342094B1B55D268978FD4669 /* Pods-SportsMeTests.debug.xcconfig */;
			buildSettings = {
				BUNDLE_LOADER = "$(TEST_HOST)";
				DEVELOPMENT_TEAM = 597HR9EHGW;
				INFOPLIST_FILE = SportsMeTests/Info.plist;
				LD_RUNPATH_SEARCH_PATHS = "$(inherited) @executable_path/Frameworks @loader_path/Frameworks";
				PRODUCT_BUNDLE_IDENTIFIER = com.cathyoun.SportsMeTests;
				PRODUCT_NAME = "$(TARGET_NAME)";
				TEST_HOST = "$(BUILT_PRODUCTS_DIR)/SportsMe.app/SportsMe";
			};
			name = Debug;
		};
		3D5B61511EFEE2B0001DB05A /* Release */ = {
			isa = XCBuildConfiguration;
			baseConfigurationReference = E01174D67A87FDD781492DB6 /* Pods-SportsMeTests.release.xcconfig */;
			buildSettings = {
				BUNDLE_LOADER = "$(TEST_HOST)";
				DEVELOPMENT_TEAM = 597HR9EHGW;
				INFOPLIST_FILE = SportsMeTests/Info.plist;
				LD_RUNPATH_SEARCH_PATHS = "$(inherited) @executable_path/Frameworks @loader_path/Frameworks";
				PRODUCT_BUNDLE_IDENTIFIER = com.cathyoun.SportsMeTests;
				PRODUCT_NAME = "$(TARGET_NAME)";
				TEST_HOST = "$(BUILT_PRODUCTS_DIR)/SportsMe.app/SportsMe";
			};
			name = Release;
		};
/* End XCBuildConfiguration section */

/* Begin XCConfigurationList section */
		3D5B61251EFEE2AF001DB05A /* Build configuration list for PBXProject "SportsMe" */ = {
			isa = XCConfigurationList;
			buildConfigurations = (
				3D5B614A1EFEE2B0001DB05A /* Debug */,
				3D5B614B1EFEE2B0001DB05A /* Release */,
			);
			defaultConfigurationIsVisible = 0;
			defaultConfigurationName = Release;
		};
		3D5B614C1EFEE2B0001DB05A /* Build configuration list for PBXNativeTarget "SportsMe" */ = {
			isa = XCConfigurationList;
			buildConfigurations = (
				3D5B614D1EFEE2B0001DB05A /* Debug */,
				3D5B614E1EFEE2B0001DB05A /* Release */,
			);
			defaultConfigurationIsVisible = 0;
			defaultConfigurationName = Release;
		};
		3D5B614F1EFEE2B0001DB05A /* Build configuration list for PBXNativeTarget "SportsMeTests" */ = {
			isa = XCConfigurationList;
			buildConfigurations = (
				3D5B61501EFEE2B0001DB05A /* Debug */,
				3D5B61511EFEE2B0001DB05A /* Release */,
			);
			defaultConfigurationIsVisible = 0;
			defaultConfigurationName = Release;
		};
/* End XCConfigurationList section */
	};
	rootObject = 3D5B61221EFEE2AF001DB05A /* Project object */;
}
